{
  "requires": true,
  "lockfileVersion": 1,
  "dependencies": {
    "md5-nodejs": {
      "version": "1.0.3",
      "resolved": "https://registry.npm.taobao.org/md5-nodejs/download/md5-nodejs-1.0.3.tgz",
      "integrity": "sha1-zEAOu3mutz8Lw1hrCcyE0KBBTUw="
    },
    "silly-datetime": {
      "version": "0.1.2",
      "resolved": "https://registry.npm.taobao.org/silly-datetime/download/silly-datetime-0.1.2.tgz",
      "integrity": "sha1-IZeOjo2EgWFgY6wRL/FGk/BuuFs="
    }
  }
}
